<?xml version="1.0" encoding="utf-8"?>
<Project ToolsVersion="4.0" xmlns="http://schemas.microsoft.com/developer/msbuild/2003">
  <ItemGroup>
    <Filter Include="ソース ファイル">
      <UniqueIdentifier>{4FC737F1-C7A5-4376-A066-2A32D752A2FF}</UniqueIdentifier>
      <Extensions>cpp;c;cc;cxx;def;odl;idl;hpj;bat;asm;asmx</Extensions>
    </Filter>
    <Filter Include="ヘッダー ファイル">
      <UniqueIdentifier>{93995380-89BD-4b04-88EB-625FBE52EBFB}</UniqueIdentifier>
      <Extensions>h;hh;hpp;hxx;hm;inl;inc;xsd</Extensions>
    </Filter>
    <Filter Include="リソース ファイル">
      <UniqueIdentifier>{67DA6AB6-F800-4c08-8B7A-83BB121AAD01}</UniqueIdentifier>
      <Extensions>rc;ico;cur;bmp;dlg;rc2;rct;bin;rgs;gif;jpg;jpeg;jpe;resx;tiff;tif;png;wav;mfcribbon-ms</Extensions>
    </Filter>
    <Filter Include="ソース ファイル\dx">
      <UniqueIdentifier>{98ac9681-5688-4fff-83e0-73ad1e4febf2}</UniqueIdentifier>
    </Filter>
    <Filter Include="ヘッダー ファイル\dx">
      <UniqueIdentifier>{e235fe88-2602-46f5-87cf-73ecb0b7200b}</UniqueIdentifier>
    </Filter>
    <Filter Include="ヘッダー ファイル\gfx">
      <UniqueIdentifier>{b64fe166-ef0e-4987-a44f-f796e5d7f8a9}</UniqueIdentifier>
    </Filter>
    <Filter Include="ソース ファイル\gfx">
      <UniqueIdentifier>{d9ee9b76-c2b3-4467-9005-5c31366e98b0}</UniqueIdentifier>
    </Filter>
  </ItemGroup>
  <ItemGroup>
    <ClCompile Include="main.cpp">
      <Filter>ソース ファイル</Filter>
    </ClCompile>
    <ClCompile Include="dx\dx.cpp">
      <Filter>ソース ファイル\dx</Filter>
    </ClCompile>
    <ClCompile Include="dx\dx12pipeline.cpp">
      <Filter>ソース ファイル\dx</Filter>
    </ClCompile>
    <ClCompile Include="dx\dx12resource.cpp">
      <Filter>ソース ファイル\dx</Filter>
    </ClCompile>
    <ClCompile Include="gfx\shapes.cpp">
      <Filter>ソース ファイル\gfx</Filter>
    </ClCompile>
    <ClCompile Include="gfx\font.cpp">
      <Filter>ソース ファイル\gfx</Filter>
    </ClCompile>
    <ClCompile Include="dx\dx12raytrace.cpp">
      <Filter>ソース ファイル\dx</Filter>
    </ClCompile>
    <ClCompile Include="gfx\obj_loader.cpp">
      <Filter>ソース ファイル\gfx</Filter>
    </ClCompile>
  </ItemGroup>
  <ItemGroup>
    <ClInclude Include="dx\dx12resource.hpp">
      <Filter>ヘッダー ファイル\dx</Filter>
    </ClInclude>
    <ClInclude Include="dx\dx.hpp">
      <Filter>ヘッダー ファイル\dx</Filter>
    </ClInclude>
    <ClInclude Include="dx\dx12pipeline.hpp">
      <Filter>ヘッダー ファイル\dx</Filter>
    </ClInclude>
    <ClInclude Include="dx\dx12raytrace.hpp">
      <Filter>ヘッダー ファイル\dx</Filter>
    </ClInclude>
    <ClInclude Include="gfx\shapes.hpp">
      <Filter>ヘッダー ファイル\gfx</Filter>
    </ClInclude>
    <ClInclude Include="gfx\font.hpp">
      <Filter>ヘッダー ファイル\gfx</Filter>
    </ClInclude>
    <ClInclude Include="resource.h">
      <Filter>ヘッダー ファイル</Filter>
    </ClInclude>
    <ClInclude Include="gfx\obj_loader.hpp">
      <Filter>ヘッダー ファイル\gfx</Filter>
    </ClInclude>
    <ClInclude Include="raster_shader.h">
      <Filter>ヘッダー ファイル</Filter>
    </ClInclude>
  </ItemGroup>
  <ItemGroup>
    <None Include="readme.md" />
  </ItemGroup>
  <ItemGroup>
    <ResourceCompile Include="demo.rc">
      <Filter>リソース ファイル</Filter>
    </ResourceCompile>
  </ItemGroup>
  <ItemGroup>
    <Media Include="song.wav">
      <Filter>リソース ファイル</Filter>
    </Media>
  </ItemGroup>
</Project>