<?xml version="1.0" encoding="utf-8"?>
<Project ToolsVersion="4.0" xmlns="http://schemas.microsoft.com/developer/msbuild/2003">
  <ItemGroup>
    <Filter Include="ソース ファイル">
      <UniqueIdentifier>{4FC737F1-C7A5-4376-A066-2A32D752A2FF}</UniqueIdentifier>
      <Extensions>cpp;c;cc;cxx;c++;cppm;ixx;def;odl;idl;hpj;bat;asm;asmx</Extensions>
    </Filter>
    <Filter Include="ヘッダー ファイル">
      <UniqueIdentifier>{93995380-89BD-4b04-88EB-625FBE52EBFB}</UniqueIdentifier>
      <Extensions>h;hh;hpp;hxx;h++;hm;inl;inc;ipp;xsd</Extensions>
    </Filter>
    <Filter Include="リソース ファイル">
      <UniqueIdentifier>{67DA6AB6-F800-4c08-8B7A-83BB121AAD01}</UniqueIdentifier>
      <Extensions>rc;ico;cur;bmp;dlg;rc2;rct;bin;rgs;gif;jpg;jpeg;jpe;resx;tiff;tif;png;wav;mfcribbon-ms</Extensions>
    </Filter>
    <Filter Include="ヘッダー ファイル\dx">
      <UniqueIdentifier>{8513fb49-dd1e-4840-b600-1b9adfe032c6}</UniqueIdentifier>
    </Filter>
    <Filter Include="ソース ファイル\dx">
      <UniqueIdentifier>{6f4b3f18-66e1-499a-bfa8-c2207478dada}</UniqueIdentifier>
    </Filter>
    <Filter Include="ヘッダー ファイル\gfx">
      <UniqueIdentifier>{8428c745-d4c8-41f3-bce9-4cb3002c18f3}</UniqueIdentifier>
    </Filter>
    <Filter Include="ソース ファイル\gfx">
      <UniqueIdentifier>{65f2ad91-5947-4b11-b3c1-a636dd55a371}</UniqueIdentifier>
    </Filter>
  </ItemGroup>
  <ItemGroup>
    <ClCompile Include="dx_dll.cpp">
      <Filter>ソース ファイル</Filter>
    </ClCompile>
    <ClCompile Include="..\dx\dx.cpp">
      <Filter>ソース ファイル\dx</Filter>
    </ClCompile>
    <ClCompile Include="..\dx\dx12pipeline.cpp">
      <Filter>ソース ファイル\dx</Filter>
    </ClCompile>
    <ClCompile Include="..\dx\dx12resource.cpp">
      <Filter>ソース ファイル\dx</Filter>
    </ClCompile>
    <ClCompile Include="..\gfx\shapes.cpp">
      <Filter>ソース ファイル\gfx</Filter>
    </ClCompile>
  </ItemGroup>
  <ItemGroup>
    <ClInclude Include="dx_dll.h">
      <Filter>ヘッダー ファイル</Filter>
    </ClInclude>
    <ClInclude Include="..\dx\dx.hpp">
      <Filter>ヘッダー ファイル\dx</Filter>
    </ClInclude>
    <ClInclude Include="..\dx\dx12pipeline.hpp">
      <Filter>ヘッダー ファイル\dx</Filter>
    </ClInclude>
    <ClInclude Include="..\dx\dx12raytrace.hpp">
      <Filter>ヘッダー ファイル\dx</Filter>
    </ClInclude>
    <ClInclude Include="..\dx\dx12resource.hpp">
      <Filter>ヘッダー ファイル\dx</Filter>
    </ClInclude>
    <ClInclude Include="..\gfx\shapes.hpp">
      <Filter>ヘッダー ファイル\gfx</Filter>
    </ClInclude>
  </ItemGroup>
</Project>